
Microsoft Visual Studio Solution File, Format Version 12.00
# Visual Studio Version 16
VisualStudioVersion = 16.0.28621.142
MinimumVisualStudioVersion = 10.0.40219.1
Project("{FAE04EC0-301F-11D3-BF4B-00C04F79EFBC}") = "GeekHunters.Web", "GeekHunters.Web\GeekHunters.Web.csproj", "{84BECCE6-95AE-464B-9BDA-0E5EBB19E09C}"
EndProject
Project("{FAE04EC0-301F-11D3-BF4B-00C04F79EFBC}") = "GeekHunters.Web.Tests", "GeekHunters.Web.Tests\GeekHunters.Web.Tests.csproj", "{22907C70-D210-4575-9287-C65DE1E2E022}"
EndProject
Global
	GlobalSection(SolutionConfigurationPlatforms) = preSolution
		Debug|Any CPU = Debug|Any CPU
		Release|Any CPU = Release|Any CPU
	EndGlobalSection
	GlobalSection(ProjectConfigurationPlatforms) = postSolution
		{84BECCE6-95AE-464B-9BDA-0E5EBB19E09C}.Debug|Any CPU.ActiveCfg = Debug|Any CPU
		{84BECCE6-95AE-464B-9BDA-0E5EBB19E09C}.Debug|Any CPU.Build.0 = Debug|Any CPU
		{84BECCE6-95AE-464B-9BDA-0E5EBB19E09C}.Release|Any CPU.ActiveCfg = Release|Any CPU
		{84BECCE6-95AE-464B-9BDA-0E5EBB19E09C}.Release|Any CPU.Build.0 = Release|Any CPU
		{22907C70-D210-4575-9287-C65DE1E2E022}.Debug|Any CPU.ActiveCfg = Debug|Any CPU
		{22907C70-D210-4575-9287-C65DE1E2E022}.Debug|Any CPU.Build.0 = Debug|Any CPU
		{22907C70-D210-4575-9287-C65DE1E2E022}.Release|Any CPU.ActiveCfg = Release|Any CPU
		{22907C70-D210-4575-9287-C65DE1E2E022}.Release|Any CPU.Build.0 = Release|Any CPU
	EndGlobalSection
	GlobalSection(SolutionProperties) = preSolution
		HideSolutionNode = FALSE
	EndGlobalSection
	GlobalSection(ExtensibilityGlobals) = postSolution
		LessCompiler = 84becce6-95ae-464b-9bda-0e5ebb19e09c
		SolutionGuid = {09183C0E-66F4-42DE-BEAB-D80B7B51A547}
	EndGlobalSection
EndGlobal
